
Microsoft Visual Studio Solution File, Format Version 12.00
# Visual Studio Version 17
VisualStudioVersion = 17.10.34928.147
MinimumVisualStudioVersion = 10.0.40219.1
Project("{9A19103F-16F7-4668-BE54-9A1E7A4F7556}") = "TheTea", "TheTea\TheTea.csproj", "{8D44D5F4-1C6E-4E14-AA12-771CE9A9A8FD}"
EndProject
Global
	GlobalSection(SolutionConfigurationPlatforms) = preSolution
		Debug|Any CPU = Debug|Any CPU
		Release|Any CPU = Release|Any CPU
	EndGlobalSection
	GlobalSection(ProjectConfigurationPlatforms) = postSolution
		{8D44D5F4-1C6E-4E14-AA12-771CE9A9A8FD}.Debug|Any CPU.ActiveCfg = Debug|Any CPU
		{8D44D5F4-1C6E-4E14-AA12-771CE9A9A8FD}.Debug|Any CPU.Build.0 = Debug|Any CPU
		{8D44D5F4-1C6E-4E14-AA12-771CE9A9A8FD}.Release|Any CPU.ActiveCfg = Release|Any CPU
		{8D44D5F4-1C6E-4E14-AA12-771CE9A9A8FD}.Release|Any CPU.Build.0 = Release|Any CPU
	EndGlobalSection
	GlobalSection(SolutionProperties) = preSolution
		HideSolutionNode = FALSE
	EndGlobalSection
	GlobalSection(ExtensibilityGlobals) = postSolution
		SolutionGuid = {AAA737E3-F25E-4570-8574-6359D4CF844B}
	EndGlobalSection
EndGlobal
